Microsoft Visual Studio Solution File, Format Version 11.00
# Visual Studio 2008

Project("{247304F8-1E00-A665-56FE-33725F904203}") = "SonyDepthSensor", "Assembly-CSharp.csproj", "{F001ADD0-3EFD-0EBF-524B-41C2F0A66E9C}"
EndProject
Global
	GlobalSection(SolutionConfigurationPlatforms) = preSolution
		Debug|Any CPU = Debug|Any CPU
		Release|Any CPU = Release|Any CPU
	EndGlobalSection
	GlobalSection(ProjectConfigurationPlatforms) = postSolution
		{F001ADD0-3EFD-0EBF-524B-41C2F0A66E9C}.Debug|Any CPU.ActiveCfg = Debug|Any CPU
		{F001ADD0-3EFD-0EBF-524B-41C2F0A66E9C}.Debug|Any CPU.Build.0 = Debug|Any CPU
		{F001ADD0-3EFD-0EBF-524B-41C2F0A66E9C}.Release|Any CPU.ActiveCfg = Release|Any CPU
		{F001ADD0-3EFD-0EBF-524B-41C2F0A66E9C}.Release|Any CPU.Build.0 = Release|Any CPU
	EndGlobalSection
	GlobalSection(SolutionProperties) = preSolution
		HideSolutionNode = FALSE
	EndGlobalSection
	GlobalSection(MonoDevelopProperties) = preSolution
		StartupItem = Assembly-CSharp.csproj
	EndGlobalSection
EndGlobal
